
Microsoft Visual Studio Solution File, Format Version 12.00
# Visual Studio 15
VisualStudioVersion = 15.0.28307.1913
MinimumVisualStudioVersion = 10.0.40219.1
Project("{FAE04EC0-301F-11D3-BF4B-00C04F79EFBC}") = "31201024010_DoVoHuongThao", "31201024010_DoVoHuongThao\31201024010_DoVoHuongThao.csproj", "{B8FE29DF-B8FB-41FF-8936-8C495DE39985}"
EndProject
Global
	GlobalSection(SolutionConfigurationPlatforms) = preSolution
		Debug|Any CPU = Debug|Any CPU
		Release|Any CPU = Release|Any CPU
	EndGlobalSection
	GlobalSection(ProjectConfigurationPlatforms) = postSolution
		{B8FE29DF-B8FB-41FF-8936-8C495DE39985}.Debug|Any CPU.ActiveCfg = Debug|Any CPU
		{B8FE29DF-B8FB-41FF-8936-8C495DE39985}.Debug|Any CPU.Build.0 = Debug|Any CPU
		{B8FE29DF-B8FB-41FF-8936-8C495DE39985}.Release|Any CPU.ActiveCfg = Release|Any CPU
		{B8FE29DF-B8FB-41FF-8936-8C495DE39985}.Release|Any CPU.Build.0 = Release|Any CPU
	EndGlobalSection
	GlobalSection(SolutionProperties) = preSolution
		HideSolutionNode = FALSE
	EndGlobalSection
	GlobalSection(ExtensibilityGlobals) = postSolution
		SolutionGuid = {1ADF32C6-BD24-43F6-84F0-95ABB47CC751}
	EndGlobalSection
EndGlobal
